
Microsoft Visual Studio Solution File, Format Version 12.00
# Visual Studio 15
VisualStudioVersion = 15.0.25909.0
MinimumVisualStudioVersion = 10.0.40219.1
Project("{8BC9CEB8-8B4A-11D0-8D11-00A0C91BC942}") = "demoApplication", "demoApplication\demoApplication.vcxproj", "{359E946F-381E-46D5-B745-9995A2CBA3B3}"
EndProject
Project("{8BC9CEB8-8B4A-11D0-8D11-00A0C91BC942}") = "UnitTest1", "UnitTest1\UnitTest1.vcxproj", "{993F4290-5470-4DDD-814E-60FCCEEE10EF}"
EndProject
Global
	GlobalSection(SolutionConfigurationPlatforms) = preSolution
		Debug|x64 = Debug|x64
		Debug|x86 = Debug|x86
		Release|x64 = Release|x64
		Release|x86 = Release|x86
	EndGlobalSection
	GlobalSection(ProjectConfigurationPlatforms) = postSolution
		{359E946F-381E-46D5-B745-9995A2CBA3B3}.Debug|x64.ActiveCfg = Debug|x64
		{359E946F-381E-46D5-B745-9995A2CBA3B3}.Debug|x64.Build.0 = Debug|x64
		{359E946F-381E-46D5-B745-9995A2CBA3B3}.Debug|x86.ActiveCfg = Debug|Win32
		{359E946F-381E-46D5-B745-9995A2CBA3B3}.Debug|x86.Build.0 = Debug|Win32
		{359E946F-381E-46D5-B745-9995A2CBA3B3}.Release|x64.ActiveCfg = Release|x64
		{359E946F-381E-46D5-B745-9995A2CBA3B3}.Release|x64.Build.0 = Release|x64
		{359E946F-381E-46D5-B745-9995A2CBA3B3}.Release|x86.ActiveCfg = Release|Win32
		{359E946F-381E-46D5-B745-9995A2CBA3B3}.Release|x86.Build.0 = Release|Win32
		{993F4290-5470-4DDD-814E-60FCCEEE10EF}.Debug|x64.ActiveCfg = Debug|x64
		{993F4290-5470-4DDD-814E-60FCCEEE10EF}.Debug|x64.Build.0 = Debug|x64
		{993F4290-5470-4DDD-814E-60FCCEEE10EF}.Debug|x86.ActiveCfg = Debug|Win32
		{993F4290-5470-4DDD-814E-60FCCEEE10EF}.Debug|x86.Build.0 = Debug|Win32
		{993F4290-5470-4DDD-814E-60FCCEEE10EF}.Release|x64.ActiveCfg = Release|x64
		{993F4290-5470-4DDD-814E-60FCCEEE10EF}.Release|x64.Build.0 = Release|x64
		{993F4290-5470-4DDD-814E-60FCCEEE10EF}.Release|x86.ActiveCfg = Release|Win32
		{993F4290-5470-4DDD-814E-60FCCEEE10EF}.Release|x86.Build.0 = Release|Win32
	EndGlobalSection
	GlobalSection(SolutionProperties) = preSolution
		HideSolutionNode = FALSE
	EndGlobalSection
	GlobalSection(ExtensibilityGlobals) = postSolution
		SolutionGuid = {D09DF2F1-C468-4A83-BB60-AF33458107D7}
	EndGlobalSection
EndGlobal
